
Microsoft Visual Studio Solution File, Format Version 12.00
# Visual Studio Version 17
VisualStudioVersion = 17.8.34511.84
MinimumVisualStudioVersion = 10.0.40219.1
Project("{8BC9CEB8-8B4A-11D0-8D11-00A0C91BC942}") = "nt_rootkit", "nt_rootkit\nt_rootkit.vcxproj", "{933B4279-027A-456D-8DC4-B80D188A6F17}"
EndProject
Global
	GlobalSection(SolutionConfigurationPlatforms) = preSolution
		Debug|ARM64 = Debug|ARM64
		Debug|x64 = Debug|x64
		Release|ARM64 = Release|ARM64
		Release|x64 = Release|x64
	EndGlobalSection
	GlobalSection(ProjectConfigurationPlatforms) = postSolution
		{933B4279-027A-456D-8DC4-B80D188A6F17}.Debug|ARM64.ActiveCfg = Debug|ARM64
		{933B4279-027A-456D-8DC4-B80D188A6F17}.Debug|ARM64.Build.0 = Debug|ARM64
		{933B4279-027A-456D-8DC4-B80D188A6F17}.Debug|ARM64.Deploy.0 = Debug|ARM64
		{933B4279-027A-456D-8DC4-B80D188A6F17}.Debug|x64.ActiveCfg = Debug|x64
		{933B4279-027A-456D-8DC4-B80D188A6F17}.Debug|x64.Build.0 = Debug|x64
		{933B4279-027A-456D-8DC4-B80D188A6F17}.Debug|x64.Deploy.0 = Debug|x64
		{933B4279-027A-456D-8DC4-B80D188A6F17}.Release|ARM64.ActiveCfg = Release|ARM64
		{933B4279-027A-456D-8DC4-B80D188A6F17}.Release|ARM64.Build.0 = Release|ARM64
		{933B4279-027A-456D-8DC4-B80D188A6F17}.Release|ARM64.Deploy.0 = Release|ARM64
		{933B4279-027A-456D-8DC4-B80D188A6F17}.Release|x64.ActiveCfg = Release|x64
		{933B4279-027A-456D-8DC4-B80D188A6F17}.Release|x64.Build.0 = Release|x64
		{933B4279-027A-456D-8DC4-B80D188A6F17}.Release|x64.Deploy.0 = Release|x64
	EndGlobalSection
	GlobalSection(SolutionProperties) = preSolution
		HideSolutionNode = FALSE
	EndGlobalSection
	GlobalSection(ExtensibilityGlobals) = postSolution
		SolutionGuid = {94DA00EE-499F-489E-AEF7-FA264645D879}
	EndGlobalSection
EndGlobal
